
Microsoft Visual Studio Solution File, Format Version 12.00
# Visual Studio Version 17
VisualStudioVersion = 17.6.33829.357
MinimumVisualStudioVersion = 10.0.40219.1
Project("{FAE04EC0-301F-11D3-BF4B-00C04F79EFBC}") = "bloggieWeb", "bloggieWeb\bloggieWeb.csproj", "{CD7F8D05-5DD5-4496-B016-44BC755EB509}"
EndProject
Global
	GlobalSection(SolutionConfigurationPlatforms) = preSolution
		Debug|Any CPU = Debug|Any CPU
		Release|Any CPU = Release|Any CPU
	EndGlobalSection
	GlobalSection(ProjectConfigurationPlatforms) = postSolution
		{CD7F8D05-5DD5-4496-B016-44BC755EB509}.Debug|Any CPU.ActiveCfg = Debug|Any CPU
		{CD7F8D05-5DD5-4496-B016-44BC755EB509}.Debug|Any CPU.Build.0 = Debug|Any CPU
		{CD7F8D05-5DD5-4496-B016-44BC755EB509}.Release|Any CPU.ActiveCfg = Release|Any CPU
		{CD7F8D05-5DD5-4496-B016-44BC755EB509}.Release|Any CPU.Build.0 = Release|Any CPU
	EndGlobalSection
	GlobalSection(SolutionProperties) = preSolution
		HideSolutionNode = FALSE
	EndGlobalSection
	GlobalSection(ExtensibilityGlobals) = postSolution
		SolutionGuid = {CA3D890D-A389-4C73-A1BA-665038325E30}
	EndGlobalSection
EndGlobal
